SITE
  remote: https://supermarket.chef.io/api/v1
  specs:
    7-zip (1.0.2)
      windows (>= 1.2.2)
    apache2 (3.0.0)
      iptables (>= 0.0.0)
      logrotate (>= 0.0.0)
    apt (2.6.1)
    ark (0.9.0)
      7-zip (>= 0.0.0)
      windows (>= 0.0.0)
    bluepill (2.3.1)
      rsyslog (>= 0.0.0)
    build-essential (2.1.3)
    chef_handler (1.1.6)
    iptables (0.14.1)
    java (1.29.0)
    jenkins (1.2.2)
      apache2 (>= 0.0.0)
      apt (>= 0.0.0)
      iptables (>= 0.0.0)
      java (>= 0.0.0)
      nginx (>= 0.0.0)
      runit (>= 1.0.0)
      yum (>= 0.0.0)
    logrotate (1.7.0)
    nginx (2.7.4)
      apt (~> 2.2)
      bluepill (~> 2.3)
      build-essential (~> 2.0)
      ohai (~> 2.0)
      runit (~> 1.2)
      yum-epel (~> 0.3)
    ohai (2.0.1)
    rsyslog (1.13.0)
    ruby_install (1.0.4)
      apt (>= 0.0.0)
      ark (>= 0.0.0)
      yum (>= 0.0.0)
    runit (1.5.12)
      build-essential (>= 0.0.0)
      yum (~> 3.0)
      yum-epel (>= 0.0.0)
    windows (1.36.1)
      chef_handler (>= 0.0.0)
    yum (3.5.2)
    yum-epel (0.6.0)
      yum (~> 3.0)

GIT
  remote: https://github.com/cgravier/selfsigned_certificate
  ref: master
  sha: 0f861d0568baa3e0669ddd8951a9c8d51422d532
  specs:
    selfsigned_certificate (0.1.0)

GIT
  remote: https://github.com/ichilton/chef_chruby_install
  ref: master
  sha: 206f123678943d6ec56a2e7914eb7bab3f3c6bf5
  specs:
    chruby_install (0.1.1)
      build-essential (>= 0.0.0)

GIT
  remote: https://github.com/ichilton/chef_rubies
  ref: master
  sha: 6568cedef26eb4507bdcc458b709be5bfadfff25
  specs:
    rubies (0.1.0)
      build-essential (>= 0.0.0)
      chruby_install (>= 0.0.0)
      ruby_install (>= 0.0.0)

DEPENDENCIES
  chef_handler (>= 0)
  chruby_install (>= 0)
  jenkins (= 1.2.2)
  rubies (>= 0)
  selfsigned_certificate (>= 0)

